
Microsoft Visual Studio Solution File, Format Version 12.00
# Visual Studio Version 17
VisualStudioVersion = 17.2.32516.85
MinimumVisualStudioVersion = 10.0.40219.1
Project("{FAE04EC0-301F-11D3-BF4B-00C04F79EFBC}") = "KrestikiNolikiKursovaya", "KrestikiNolikiKursovaya.csproj", "{065CF3E9-2052-44F1-87E0-073D0505BEAA}"
EndProject
Global
	GlobalSection(SolutionConfigurationPlatforms) = preSolution
		Debug|Any CPU = Debug|Any CPU
		Release|Any CPU = Release|Any CPU
	EndGlobalSection
	GlobalSection(ProjectConfigurationPlatforms) = postSolution
		{065CF3E9-2052-44F1-87E0-073D0505BEAA}.Debug|Any CPU.ActiveCfg = Debug|Any CPU
		{065CF3E9-2052-44F1-87E0-073D0505BEAA}.Debug|Any CPU.Build.0 = Debug|Any CPU
		{065CF3E9-2052-44F1-87E0-073D0505BEAA}.Release|Any CPU.ActiveCfg = Release|Any CPU
		{065CF3E9-2052-44F1-87E0-073D0505BEAA}.Release|Any CPU.Build.0 = Release|Any CPU
	EndGlobalSection
	GlobalSection(SolutionProperties) = preSolution
		HideSolutionNode = FALSE
	EndGlobalSection
	GlobalSection(ExtensibilityGlobals) = postSolution
		SolutionGuid = {98D2C6A0-9150-4C13-BFEA-D7058D18B3D6}
	EndGlobalSection
EndGlobal
